
Microsoft Visual Studio Solution File, Format Version 12.00
# Visual Studio Version 17
VisualStudioVersion = 17.11.35222.181
MinimumVisualStudioVersion = 10.0.40219.1
Project("{FAE04EC0-301F-11D3-BF4B-00C04F79EFBC}") = "lb9", "lb9.csproj", "{07CD7D62-848E-4D61-BF80-60F68CB83EBB}"
EndProject
Global
	GlobalSection(SolutionConfigurationPlatforms) = preSolution
		Debug|Any CPU = Debug|Any CPU
		Release|Any CPU = Release|Any CPU
	EndGlobalSection
	GlobalSection(ProjectConfigurationPlatforms) = postSolution
		{07CD7D62-848E-4D61-BF80-60F68CB83EBB}.Debug|Any CPU.ActiveCfg = Debug|Any CPU
		{07CD7D62-848E-4D61-BF80-60F68CB83EBB}.Debug|Any CPU.Build.0 = Debug|Any CPU
		{07CD7D62-848E-4D61-BF80-60F68CB83EBB}.Release|Any CPU.ActiveCfg = Release|Any CPU
		{07CD7D62-848E-4D61-BF80-60F68CB83EBB}.Release|Any CPU.Build.0 = Release|Any CPU
	EndGlobalSection
	GlobalSection(SolutionProperties) = preSolution
		HideSolutionNode = FALSE
	EndGlobalSection
	GlobalSection(ExtensibilityGlobals) = postSolution
		SolutionGuid = {EE4A1B11-E50C-42A5-B09E-0E6BBCEB741F}
	EndGlobalSection
EndGlobal
